// !$*UTF8*$!
{
	archiveVersion = 1;
	classes = {
	};
	objectVersion = 56;
	objects = {

/* Begin PBXBuildFile section */
		111D125029B7538D0066D62C /* AppDelegate.swift in Sources */ = {isa = PBXBuildFile; fileRef = 111D124F29B7538D0066D62C /* AppDelegate.swift */; };
		111D125229B7538D0066D62C /* SceneDelegate.swift in Sources */ = {isa = PBXBuildFile; fileRef = 111D125129B7538D0066D62C /* SceneDelegate.swift */; };
		111D125429B7538D0066D62C /* ViewController.swift in Sources */ = {isa = PBXBuildFile; fileRef = 111D125329B7538D0066D62C /* ViewController.swift */; };
		111D125729B7538D0066D62C /* Main.storyboard in Resources */ = {isa = PBXBuildFile; fileRef = 111D125529B7538D0066D62C /* Main.storyboard */; };
		111D125929B7538E0066D62C /* Assets.xcassets in Resources */ = {isa = PBXBuildFile; fileRef = 111D125829B7538E0066D62C /* Assets.xcassets */; };
		111D125C29B7538E0066D62C /* LaunchScreen.storyboard in Resources */ = {isa = PBXBuildFile; fileRef = 111D125A29B7538E0066D62C /* LaunchScreen.storyboard */; };
		111D126729B7538E0066D62C /* UpDownGameTests.swift in Sources */ = {isa = PBXBuildFile; fileRef = 111D126629B7538E0066D62C /* UpDownGameTests.swift */; };
		111D127129B7538E0066D62C /* UpDownGameUITests.swift in Sources */ = {isa = PBXBuildFile; fileRef = 111D127029B7538E0066D62C /* UpDownGameUITests.swift */; };
		111D127329B7538E0066D62C /* UpDownGameUITestsLaunchTests.swift in Sources */ = {isa = PBXBuildFile; fileRef = 111D127229B7538E0066D62C /* UpDownGameUITestsLaunchTests.swift */; };
		11AE361D29C363EC0083B2FE /* CreditViewController.swift in Sources */ = {isa = PBXBuildFile; fileRef = 11AE361C29C363EC0083B2FE /* CreditViewController.swift */; };
/* End PBXBuildFile section */

/* Begin PBXContainerItemProxy section */
		111D126329B7538E0066D62C /* PBXContainerItemProxy */ = {
			isa = PBXContainerItemProxy;
			containerPortal = 111D124429B7538D0066D62C /* Project object */;
			proxyType = 1;
			remoteGlobalIDString = 111D124B29B7538D0066D62C;
			remoteInfo = UpDownGame;
		};
		111D126D29B7538E0066D62C /* PBXContainerItemProxy */ = {
			isa = PBXContainerItemProxy;
			containerPortal = 111D124429B7538D0066D62C /* Project object */;
			proxyType = 1;
			remoteGlobalIDString = 111D124B29B7538D0066D62C;
			remoteInfo = UpDownGame;
		};
/* End PBXContainerItemProxy section */

/* Begin PBXFileReference section */
		111D124C29B7538D0066D62C /* UpDownGame.app */ = {isa = PBXFileReference; explicitFileType = wrapper.application; includeInIndex = 0; path = UpDownGame.app; sourceTree = BUILT_PRODUCTS_DIR; };
		111D124F29B7538D0066D62C /* AppDelegate.swift */ = {isa = PBXFileReference; lastKnownFileType = sourcecode.swift; path = AppDelegate.swift; sourceTree = "<group>"; };
		111D125129B7538D0066D62C /* SceneDelegate.swift */ = {isa = PBXFileReference; lastKnownFileType = sourcecode.swift; path = SceneDelegate.swift; sourceTree = "<group>"; };
		111D125329B7538D0066D62C /* ViewController.swift */ = {isa = PBXFileReference; lastKnownFileType = sourcecode.swift; path = ViewController.swift; sourceTree = "<group>"; };
		111D125629B7538D0066D62C /* Base */ = {isa = PBXFileReference; lastKnownFileType = file.storyboard; name = Base; path = Base.lproj/Main.storyboard; sourceTree = "<group>"; };
		111D125829B7538E0066D62C /* Assets.xcassets */ = {isa = PBXFileReference; lastKnownFileType = folder.assetcatalog; path = Assets.xcassets; sourceTree = "<group>"; };
		111D125B29B7538E0066D62C /* Base */ = {isa = PBXFileReference; lastKnownFileType = file.storyboard; name = Base; path = Base.lproj/LaunchScreen.storyboard; sourceTree = "<group>"; };
		111D125D29B7538E0066D62C /* Info.plist */ = {isa = PBXFileReference; lastKnownFileType = text.plist.xml; path = Info.plist; sourceTree = "<group>"; };
		111D126229B7538E0066D62C /* UpDownGameTests.xctest */ = {isa = PBXFileReference; explicitFileType = wrapper.cfbundle; includeInIndex = 0; path = UpDownGameTests.xctest; sourceTree = BUILT_PRODUCTS_DIR; };
		111D126629B7538E0066D62C /* UpDownGameTests.swift */ = {isa = PBXFileReference; lastKnownFileType = sourcecode.swift; path = UpDownGameTests.swift; sourceTree = "<group>"; };
		111D126C29B7538E0066D62C /* UpDownGameUITests.xctest */ = {isa = PBXFileReference; explicitFileType = wrapper.cfbundle; includeInIndex = 0; path = UpDownGameUITests.xctest; sourceTree = BUILT_PRODUCTS_DIR; };
		111D127029B7538E0066D62C /* UpDownGameUITests.swift */ = {isa = PBXFileReference; lastKnownFileType = sourcecode.swift; path = UpDownGameUITests.swift; sourceTree = "<group>"; };
		111D127229B7538E0066D62C /* UpDownGameUITestsLaunchTests.swift */ = {isa = PBXFileReference; lastKnownFileType = sourcecode.swift; path = UpDownGameUITestsLaunchTests.swift; sourceTree = "<group>"; };
		11AE361C29C363EC0083B2FE /* CreditViewController.swift */ = {isa = PBXFileReference; lastKnownFileType = sourcecode.swift; path = CreditViewController.swift; sourceTree = "<group>"; };
/* End PBXFileReference section */

/* Begin PBXFrameworksBuildPhase section */
		111D124929B7538D0066D62C /* Frameworks */ = {
			isa = PBXFrameworksBuildPhase;
			buildActionMask = 2147483647;
			files = (
			);
			runOnlyForDeploymentPostprocessing = 0;
		};
		111D125F29B7538E0066D62C /* Frameworks */ = {
			isa = PBXFrameworksBuildPhase;
			buildActionMask = 2147483647;
			files = (
			);
			runOnlyForDeploymentPostprocessing = 0;
		};
		111D126929B7538E0066D62C /* Frameworks */ = {
			isa = PBXFrameworksBuildPhase;
			buildActionMask = 2147483647;
			files = (
			);
			runOnlyForDeploymentPostprocessing = 0;
		};
/* End PBXFrameworksBuildPhase section */

/* Begin PBXGroup section */
		111D124329B7538D0066D62C = {
			isa = PBXGroup;
			children = (
				11AE361C29C363EC0083B2FE /* CreditViewController.swift */,
				111D124E29B7538D0066D62C /* UpDownGame */,
				111D126529B7538E0066D62C /* UpDownGameTests */,
				111D126F29B7538E0066D62C /* UpDownGameUITests */,
				111D124D29B7538D0066D62C /* Products */,
			);
			sourceTree = "<group>";
		};
		111D124D29B7538D0066D62C /* Products */ = {
			isa = PBXGroup;
			children = (
				111D124C29B7538D0066D62C /* UpDownGame.app */,
				111D126229B7538E0066D62C /* UpDownGameTests.xctest */,
				111D126C29B7538E0066D62C /* UpDownGameUITests.xctest */,
			);
			name = Products;
			sourceTree = "<group>";
		};
		111D124E29B7538D0066D62C /* UpDownGame */ = {
			isa = PBXGroup;
			children = (
				111D124F29B7538D0066D62C /* AppDelegate.swift */,
				111D125129B7538D0066D62C /* SceneDelegate.swift */,
				111D125329B7538D0066D62C /* ViewController.swift */,
				111D125529B7538D0066D62C /* Main.storyboard */,
				111D125829B7538E0066D62C /* Assets.xcassets */,
				111D125A29B7538E0066D62C /* LaunchScreen.storyboard */,
				111D125D29B7538E0066D62C /* Info.plist */,
			);
			path = UpDownGame;
			sourceTree = "<group>";
		};
		111D126529B7538E0066D62C /* UpDownGameTests */ = {
			isa = PBXGroup;
			children = (
				111D126629B7538E0066D62C /* UpDownGameTests.swift */,
			);
			path = UpDownGameTests;
			sourceTree = "<group>";
		};
		111D126F29B7538E0066D62C /* UpDownGameUITests */ = {
			isa = PBXGroup;
			children = (
				111D127029B7538E0066D62C /* UpDownGameUITests.swift */,
				111D127229B7538E0066D62C /* UpDownGameUITestsLaunchTests.swift */,
			);
			path = UpDownGameUITests;
			sourceTree = "<group>";
		};
/* End PBXGroup section */

/* Begin PBXNativeTarget section */
		111D124B29B7538D0066D62C /* UpDownGame */ = {
			isa = PBXNativeTarget;
			buildConfigurationList = 111D127629B7538E0066D62C /* Build configuration list for PBXNativeTarget "UpDownGame" */;
			buildPhases = (
				111D124829B7538D0066D62C /* Sources */,
				111D124929B7538D0066D62C /* Frameworks */,
				111D124A29B7538D0066D62C /* Resources */,
			);
			buildRules = (
			);
			dependencies = (
			);
			name = UpDownGame;
			productName = UpDownGame;
			productReference = 111D124C29B7538D0066D62C /* UpDownGame.app */;
			productType = "com.apple.product-type.application";
		};
		111D126129B7538E0066D62C /* UpDownGameTests */ = {
			isa = PBXNativeTarget;
			buildConfigurationList = 111D127929B7538E0066D62C /* Build configuration list for PBXNativeTarget "UpDownGameTests" */;
			buildPhases = (
				111D125E29B7538E0066D62C /* Sources */,
				111D125F29B7538E0066D62C /* Frameworks */,
				111D126029B7538E0066D62C /* Resources */,
			);
			buildRules = (
			);
			dependencies = (
				111D126429B7538E0066D62C /* PBXTargetDependency */,
			);
			name = UpDownGameTests;
			productName = UpDownGameTests;
			productReference = 111D126229B7538E0066D62C /* UpDownGameTests.xctest */;
			productType = "com.apple.product-type.bundle.unit-test";
		};
		111D126B29B7538E0066D62C /* UpDownGameUITests */ = {
			isa = PBXNativeTarget;
			buildConfigurationList = 111D127C29B7538E0066D62C /* Build configuration list for PBXNativeTarget "UpDownGameUITests" */;
			buildPhases = (
				111D126829B7538E0066D62C /* Sources */,
				111D126929B7538E0066D62C /* Frameworks */,
				111D126A29B7538E0066D62C /* Resources */,
			);
			buildRules = (
			);
			dependencies = (
				111D126E29B7538E0066D62C /* PBXTargetDependency */,
			);
			name = UpDownGameUITests;
			productName = UpDownGameUITests;
			productReference = 111D126C29B7538E0066D62C /* UpDownGameUITests.xctest */;
			productType = "com.apple.product-type.bundle.ui-testing";
		};
/* End PBXNativeTarget section */

/* Begin PBXProject section */
		111D124429B7538D0066D62C /* Project object */ = {
			isa = PBXProject;
			attributes = {
				BuildIndependentTargetsInParallel = 1;
				LastSwiftUpdateCheck = 1420;
				LastUpgradeCheck = 1420;
				TargetAttributes = {
					111D124B29B7538D0066D62C = {
						CreatedOnToolsVersion = 14.2;
					};
					111D126129B7538E0066D62C = {
						CreatedOnToolsVersion = 14.2;
						TestTargetID = 111D124B29B7538D0066D62C;
					};
					111D126B29B7538E0066D62C = {
						CreatedOnToolsVersion = 14.2;
						TestTargetID = 111D124B29B7538D0066D62C;
					};
				};
			};
			buildConfigurationList = 111D124729B7538D0066D62C /* Build configuration list for PBXProject "UpDownGame" */;
			compatibilityVersion = "Xcode 14.0";
			developmentRegion = en;
			hasScannedForEncodings = 0;
			knownRegions = (
				en,
				Base,
			);
			mainGroup = 111D124329B7538D0066D62C;
			productRefGroup = 111D124D29B7538D0066D62C /* Products */;
			projectDirPath = "";
			projectRoot = "";
			targets = (
				111D124B29B7538D0066D62C /* UpDownGame */,
				111D126129B7538E0066D62C /* UpDownGameTests */,
				111D126B29B7538E0066D62C /* UpDownGameUITests */,
			);
		};
/* End PBXProject section */

/* Begin PBXResourcesBuildPhase section */
		111D124A29B7538D0066D62C /* Resources */ = {
			isa = PBXResourcesBuildPhase;
			buildActionMask = 2147483647;
			files = (
				111D125C29B7538E0066D62C /* LaunchScreen.storyboard in Resources */,
				111D125929B7538E0066D62C /* Assets.xcassets in Resources */,
				111D125729B7538D0066D62C /* Main.storyboard in Resources */,
			);
			runOnlyForDeploymentPostprocessing = 0;
		};
		111D126029B7538E0066D62C /* Resources */ = {
			isa = PBXResourcesBuildPhase;
			buildActionMask = 2147483647;
			files = (
			);
			runOnlyForDeploymentPostprocessing = 0;
		};
		111D126A29B7538E0066D62C /* Resources */ = {
			isa = PBXResourcesBuildPhase;
			buildActionMask = 2147483647;
			files = (
			);
			runOnlyForDeploymentPostprocessing = 0;
		};
/* End PBXResourcesBuildPhase section */

/* Begin PBXSourcesBuildPhase section */
		111D124829B7538D0066D62C /* Sources */ = {
			isa = PBXSourcesBuildPhase;
			buildActionMask = 2147483647;
			files = (
				111D125429B7538D0066D62C /* ViewController.swift in Sources */,
				111D125029B7538D0066D62C /* AppDelegate.swift in Sources */,
				111D125229B7538D0066D62C /* SceneDelegate.swift in Sources */,
				11AE361D29C363EC0083B2FE /* CreditViewController.swift in Sources */,
			);
			runOnlyForDeploymentPostprocessing = 0;
		};
		111D125E29B7538E0066D62C /* Sources */ = {
			isa = PBXSourcesBuildPhase;
			buildActionMask = 2147483647;
			files = (
				111D126729B7538E0066D62C /* UpDownGameTests.swift in Sources */,
			);
			runOnlyForDeploymentPostprocessing = 0;
		};
		111D126829B7538E0066D62C /* Sources */ = {
			isa = PBXSourcesBuildPhase;
			buildActionMask = 2147483647;
			files = (
				111D127129B7538E0066D62C /* UpDownGameUITests.swift in Sources */,
				111D127329B7538E0066D62C /* UpDownGameUITestsLaunchTests.swift in Sources */,
			);
			runOnlyForDeploymentPostprocessing = 0;
		};
/* End PBXSourcesBuildPhase section */

/* Begin PBXTargetDependency section */
		111D126429B7538E0066D62C /* PBXTargetDependency */ = {
			isa = PBXTargetDependency;
			target = 111D124B29B7538D0066D62C /* UpDownGame */;
			targetProxy = 111D126329B7538E0066D62C /* PBXContainerItemProxy */;
		};
		111D126E29B7538E0066D62C /* PBXTargetDependency */ = {
			isa = PBXTargetDependency;
			target = 111D124B29B7538D0066D62C /* UpDownGame */;
			targetProxy = 111D126D29B7538E0066D62C /* PBXContainerItemProxy */;
		};
/* End PBXTargetDependency section */

/* Begin PBXVariantGroup section */
		111D125529B7538D0066D62C /* Main.storyboard */ = {
			isa = PBXVariantGroup;
			children = (
				111D125629B7538D0066D62C /* Base */,
			);
			name = Main.storyboard;
			sourceTree = "<group>";
		};
		111D125A29B7538E0066D62C /* LaunchScreen.storyboard */ = {
			isa = PBXVariantGroup;
			children = (
				111D125B29B7538E0066D62C /* Base */,
			);
			name = LaunchScreen.storyboard;
			sourceTree = "<group>";
		};
/* End PBXVariantGroup section */

/* Begin XCBuildConfiguration section */
		111D127429B7538E0066D62C /* Debug */ = {
			isa = XCBuildConfiguration;
			buildSettings = {
				ALWAYS_SEARCH_USER_PATHS = NO;
				CLANG_ANALYZER_NONNULL = YES;
				CLANG_ANALYZER_NUMBER_OBJECT_CONVERSION = YES_AGGRESSIVE;
				CLANG_CXX_LANGUAGE_STANDARD = "gnu++20";
				CLANG_ENABLE_MODULES = YES;
				CLANG_ENABLE_OBJC_ARC = YES;
				CLANG_ENABLE_OBJC_WEAK = YES;
				CLANG_WARN_BLOCK_CAPTURE_AUTORELEASING = YES;
				CLANG_WARN_BOOL_CONVERSION = YES;
				CLANG_WARN_COMMA = YES;
				CLANG_WARN_CONSTANT_CONVERSION = YES;
				CLANG_WARN_DEPRECATED_OBJC_IMPLEMENTATIONS = YES;
				CLANG_WARN_DIRECT_OBJC_ISA_USAGE = YES_ERROR;
				CLANG_WARN_DOCUMENTATION_COMMENTS = YES;
				CLANG_WARN_EMPTY_BODY = YES;
				CLANG_WARN_ENUM_CONVERSION = YES;
				CLANG_WARN_INFINITE_RECURSION = YES;
				CLANG_WARN_INT_CONVERSION = YES;
				CLANG_WARN_NON_LITERAL_NULL_CONVERSION = YES;
				CLANG_WARN_OBJC_IMPLICIT_RETAIN_SELF = YES;
				CLANG_WARN_OBJC_LITERAL_CONVERSION = YES;
				CLANG_WARN_OBJC_ROOT_CLASS = YES_ERROR;
				CLANG_WARN_QUOTED_INCLUDE_IN_FRAMEWORK_HEADER = YES;
				CLANG_WARN_RANGE_LOOP_ANALYSIS = YES;
				CLANG_WARN_STRICT_PROTOTYPES = YES;
				CLANG_WARN_SUSPICIOUS_MOVE = YES;
				CLANG_WARN_UNGUARDED_AVAILABILITY = YES_AGGRESSIVE;
				CLANG_WARN_UNREACHABLE_CODE = YES;
				CLANG_WARN__DUPLICATE_METHOD_MATCH = YES;
				COPY_PHASE_STRIP = NO;
				DEBUG_INFORMATION_FORMAT = dwarf;
				ENABLE_STRICT_OBJC_MSGSEND = YES;
				ENABLE_TESTABILITY = YES;
				GCC_C_LANGUAGE_STANDARD = gnu11;
				GCC_DYNAMIC_NO_PIC = NO;
				GCC_NO_COMMON_BLOCKS = YES;
				GCC_OPTIMIZATION_LEVEL = 0;
				GCC_PREPROCESSOR_DEFINITIONS = (
					"DEBUG=1",
					"$(inherited)",
				);
				GCC_WARN_64_TO_32_BIT_CONVERSION = YES;
				GCC_WARN_ABOUT_RETURN_TYPE = YES_ERROR;
				GCC_WARN_UNDECLARED_SELECTOR = YES;
				GCC_WARN_UNINITIALIZED_AUTOS = YES_AGGRESSIVE;
				GCC_WARN_UNUSED_FUNCTION = YES;
				GCC_WARN_UNUSED_VARIABLE = YES;
				IPHONEOS_DEPLOYMENT_TARGET = 16.2;
				MTL_ENABLE_DEBUG_INFO = INCLUDE_SOURCE;
				MTL_FAST_MATH = YES;
				ONLY_ACTIVE_ARCH = YES;
				SDKROOT = iphoneos;
				SWIFT_ACTIVE_COMPILATION_CONDITIONS = DEBUG;
				SWIFT_OPTIMIZATION_LEVEL = "-Onone";
			};
			name = Debug;
		};
		111D127529B7538E0066D62C /* Release */ = {
			isa = XCBuildConfiguration;
			buildSettings = {
				ALWAYS_SEARCH_USER_PATHS = NO;
				CLANG_ANALYZER_NONNULL = YES;
				CLANG_ANALYZER_NUMBER_OBJECT_CONVERSION = YES_AGGRESSIVE;
				CLANG_CXX_LANGUAGE_STANDARD = "gnu++20";
				CLANG_ENABLE_MODULES = YES;
				CLANG_ENABLE_OBJC_ARC = YES;
				CLANG_ENABLE_OBJC_WEAK = YES;
				CLANG_WARN_BLOCK_CAPTURE_AUTORELEASING = YES;
				CLANG_WARN_BOOL_CONVERSION = YES;
				CLANG_WARN_COMMA = YES;
				CLANG_WARN_CONSTANT_CONVERSION = YES;
				CLANG_WARN_DEPRECATED_OBJC_IMPLEMENTATIONS = YES;
				CLANG_WARN_DIRECT_OBJC_ISA_USAGE = YES_ERROR;
				CLANG_WARN_DOCUMENTATION_COMMENTS = YES;
				CLANG_WARN_EMPTY_BODY = YES;
				CLANG_WARN_ENUM_CONVERSION = YES;
				CLANG_WARN_INFINITE_RECURSION = YES;
				CLANG_WARN_INT_CONVERSION = YES;
				CLANG_WARN_NON_LITERAL_NULL_CONVERSION = YES;
				CLANG_WARN_OBJC_IMPLICIT_RETAIN_SELF = YES;
				CLANG_WARN_OBJC_LITERAL_CONVERSION = YES;
				CLANG_WARN_OBJC_ROOT_CLASS = YES_ERROR;
				CLANG_WARN_QUOTED_INCLUDE_IN_FRAMEWORK_HEADER = YES;
				CLANG_WARN_RANGE_LOOP_ANALYSIS = YES;
				CLANG_WARN_STRICT_PROTOTYPES = YES;
				CLANG_WARN_SUSPICIOUS_MOVE = YES;
				CLANG_WARN_UNGUARDED_AVAILABILITY = YES_AGGRESSIVE;
				CLANG_WARN_UNREACHABLE_CODE = YES;
				CLANG_WARN__DUPLICATE_METHOD_MATCH = YES;
				COPY_PHASE_STRIP = NO;
				DEBUG_INFORMATION_FORMAT = "dwarf-with-dsym";
				ENABLE_NS_ASSERTIONS = NO;
				ENABLE_STRICT_OBJC_MSGSEND = YES;
				GCC_C_LANGUAGE_STANDARD = gnu11;
				GCC_NO_COMMON_BLOCKS = YES;
				GCC_WARN_64_TO_32_BIT_CONVERSION = YES;
				GCC_WARN_ABOUT_RETURN_TYPE = YES_ERROR;
				GCC_WARN_UNDECLARED_SELECTOR = YES;
				GCC_WARN_UNINITIALIZED_AUTOS = YES_AGGRESSIVE;
				GCC_WARN_UNUSED_FUNCTION = YES;
				GCC_WARN_UNUSED_VARIABLE = YES;
				IPHONEOS_DEPLOYMENT_TARGET = 16.2;
				MTL_ENABLE_DEBUG_INFO = NO;
				MTL_FAST_MATH = YES;
				SDKROOT = iphoneos;
				SWIFT_COMPILATION_MODE = wholemodule;
				SWIFT_OPTIMIZATION_LEVEL = "-O";
				VALIDATE_PRODUCT = YES;
			};
			name = Release;
		};
		111D127729B7538E0066D62C /* Debug */ = {
			isa = XCBuildConfiguration;
			buildSettings = {
				ASSETCATALOG_COMPILER_APPICON_NAME = AppIcon;
				ASSETCATALOG_COMPILER_GLOBAL_ACCENT_COLOR_NAME = AccentColor;
				CODE_SIGN_STYLE = Automatic;
				CURRENT_PROJECT_VERSION = 1;
				DEVELOPMENT_TEAM = W43DLLFB4Q;
				GENERATE_INFOPLIST_FILE = YES;
				INFOPLIST_FILE = UpDownGame/Info.plist;
				INFOPLIST_KEY_UIApplicationSupportsIndirectInputEvents = YES;
				INFOPLIST_KEY_UILaunchStoryboardName = LaunchScreen;
				INFOPLIST_KEY_UIMainStoryboardFile = Main;
				INFOPLIST_KEY_UISupportedInterfaceOrientations = "UIInterfaceOrientationLandscapeLeft UIInterfaceOrientationLandscapeRight";
				INFOPLIST_KEY_UISupportedInterfaceOrientations_iPad = "UIInterfaceOrientationLandscapeLeft UIInterfaceOrientationLandscapeRight UIInterfaceOrientationPortraitUpsideDown";
				LD_RUNPATH_SEARCH_PATHS = (
					"$(inherited)",
					"@executable_path/Frameworks",
				);
				MARKETING_VERSION = 1.0;
				PRODUCT_BUNDLE_IDENTIFIER = com.rising.UpDownGame;
				PRODUCT_NAME = "$(TARGET_NAME)";
				SWIFT_EMIT_LOC_STRINGS = YES;
				SWIFT_VERSION = 5.0;
				TARGETED_DEVICE_FAMILY = "1,2";
			};
			name = Debug;
		};
		111D127829B7538E0066D62C /* Release */ = {
			isa = XCBuildConfiguration;
			buildSettings = {
				ASSETCATALOG_COMPILER_APPICON_NAME = AppIcon;
				ASSETCATALOG_COMPILER_GLOBAL_ACCENT_COLOR_NAME = AccentColor;
				CODE_SIGN_STYLE = Automatic;
				CURRENT_PROJECT_VERSION = 1;
				DEVELOPMENT_TEAM = W43DLLFB4Q;
				GENERATE_INFOPLIST_FILE = YES;
				INFOPLIST_FILE = UpDownGame/Info.plist;
				INFOPLIST_KEY_UIApplicationSupportsIndirectInputEvents = YES;
				INFOPLIST_KEY_UILaunchStoryboardName = LaunchScreen;
				INFOPLIST_KEY_UIMainStoryboardFile = Main;
				INFOPLIST_KEY_UISupportedInterfaceOrientations = "UIInterfaceOrientationLandscapeLeft UIInterfaceOrientationLandscapeRight";
				INFOPLIST_KEY_UISupportedInterfaceOrientations_iPad = "UIInterfaceOrientationLandscapeLeft UIInterfaceOrientationLandscapeRight UIInterfaceOrientationPortraitUpsideDown";
				LD_RUNPATH_SEARCH_PATHS = (
					"$(inherited)",
					"@executable_path/Frameworks",
				);
				MARKETING_VERSION = 1.0;
				PRODUCT_BUNDLE_IDENTIFIER = com.rising.UpDownGame;
				PRODUCT_NAME = "$(TARGET_NAME)";
				SWIFT_EMIT_LOC_STRINGS = YES;
				SWIFT_VERSION = 5.0;
				TARGETED_DEVICE_FAMILY = "1,2";
			};
			name = Release;
		};
		111D127A29B7538E0066D62C /* Debug */ = {
			isa = XCBuildConfiguration;
			buildSettings = {
				ALWAYS_EMBED_SWIFT_STANDARD_LIBRARIES = YES;
				BUNDLE_LOADER = "$(TEST_HOST)";
				CODE_SIGN_STYLE = Automatic;
				CURRENT_PROJECT_VERSION = 1;
				DEVELOPMENT_TEAM = W43DLLFB4Q;
				GENERATE_INFOPLIST_FILE = YES;
				IPHONEOS_DEPLOYMENT_TARGET = 16.2;
				MARKETING_VERSION = 1.0;
				PRODUCT_BUNDLE_IDENTIFIER = com.rising.UpDownGameTests;
				PRODUCT_NAME = "$(TARGET_NAME)";
				SWIFT_EMIT_LOC_STRINGS = NO;
				SWIFT_VERSION = 5.0;
				TARGETED_DEVICE_FAMILY = "1,2";
				TEST_HOST = "$(BUILT_PRODUCTS_DIR)/UpDownGame.app/$(BUNDLE_EXECUTABLE_FOLDER_PATH)/UpDownGame";
			};
			name = Debug;
		};
		111D127B29B7538E0066D62C /* Release */ = {
			isa = XCBuildConfiguration;
			buildSettings = {
				ALWAYS_EMBED_SWIFT_STANDARD_LIBRARIES = YES;
				BUNDLE_LOADER = "$(TEST_HOST)";
				CODE_SIGN_STYLE = Automatic;
				CURRENT_PROJECT_VERSION = 1;
				DEVELOPMENT_TEAM = W43DLLFB4Q;
				GENERATE_INFOPLIST_FILE = YES;
				IPHONEOS_DEPLOYMENT_TARGET = 16.2;
				MARKETING_VERSION = 1.0;
				PRODUCT_BUNDLE_IDENTIFIER = com.rising.UpDownGameTests;
				PRODUCT_NAME = "$(TARGET_NAME)";
				SWIFT_EMIT_LOC_STRINGS = NO;
				SWIFT_VERSION = 5.0;
				TARGETED_DEVICE_FAMILY = "1,2";
				TEST_HOST = "$(BUILT_PRODUCTS_DIR)/UpDownGame.app/$(BUNDLE_EXECUTABLE_FOLDER_PATH)/UpDownGame";
			};
			name = Release;
		};
		111D127D29B7538E0066D62C /* Debug */ = {
			isa = XCBuildConfiguration;
			buildSettings = {
				ALWAYS_EMBED_SWIFT_STANDARD_LIBRARIES = YES;
				CODE_SIGN_STYLE = Automatic;
				CURRENT_PROJECT_VERSION = 1;
				DEVELOPMENT_TEAM = W43DLLFB4Q;
				GENERATE_INFOPLIST_FILE = YES;
				MARKETING_VERSION = 1.0;
				PRODUCT_BUNDLE_IDENTIFIER = com.rising.UpDownGameUITests;
				PRODUCT_NAME = "$(TARGET_NAME)";
				SWIFT_EMIT_LOC_STRINGS = NO;
				SWIFT_VERSION = 5.0;
				TARGETED_DEVICE_FAMILY = "1,2";
				TEST_TARGET_NAME = UpDownGame;
			};
			name = Debug;
		};
		111D127E29B7538E0066D62C /* Release */ = {
			isa = XCBuildConfiguration;
			buildSettings = {
				ALWAYS_EMBED_SWIFT_STANDARD_LIBRARIES = YES;
				CODE_SIGN_STYLE = Automatic;
				CURRENT_PROJECT_VERSION = 1;
				DEVELOPMENT_TEAM = W43DLLFB4Q;
				GENERATE_INFOPLIST_FILE = YES;
				MARKETING_VERSION = 1.0;
				PRODUCT_BUNDLE_IDENTIFIER = com.rising.UpDownGameUITests;
				PRODUCT_NAME = "$(TARGET_NAME)";
				SWIFT_EMIT_LOC_STRINGS = NO;
				SWIFT_VERSION = 5.0;
				TARGETED_DEVICE_FAMILY = "1,2";
				TEST_TARGET_NAME = UpDownGame;
			};
			name = Release;
		};
/* End XCBuildConfiguration section */

/* Begin XCConfigurationList section */
		111D124729B7538D0066D62C /* Build configuration list for PBXProject "UpDownGame" */ = {
			isa = XCConfigurationList;
			buildConfigurations = (
				111D127429B7538E0066D62C /* Debug */,
				111D127529B7538E0066D62C /* Release */,
			);
			defaultConfigurationIsVisible = 0;
			defaultConfigurationName = Release;
		};
		111D127629B7538E0066D62C /* Build configuration list for PBXNativeTarget "UpDownGame" */ = {
			isa = XCConfigurationList;
			buildConfigurations = (
				111D127729B7538E0066D62C /* Debug */,
				111D127829B7538E0066D62C /* Release */,
			);
			defaultConfigurationIsVisible = 0;
			defaultConfigurationName = Release;
		};
		111D127929B7538E0066D62C /* Build configuration list for PBXNativeTarget "UpDownGameTests" */ = {
			isa = XCConfigurationList;
			buildConfigurations = (
				111D127A29B7538E0066D62C /* Debug */,
				111D127B29B7538E0066D62C /* Release */,
			);
			defaultConfigurationIsVisible = 0;
			defaultConfigurationName = Release;
		};
		111D127C29B7538E0066D62C /* Build configuration list for PBXNativeTarget "UpDownGameUITests" */ = {
			isa = XCConfigurationList;
			buildConfigurations = (
				111D127D29B7538E0066D62C /* Debug */,
				111D127E29B7538E0066D62C /* Release */,
			);
			defaultConfigurationIsVisible = 0;
			defaultConfigurationName = Release;
		};
/* End XCConfigurationList section */
	};
	rootObject = 111D124429B7538D0066D62C /* Project object */;
}
